
Microsoft Visual Studio Solution File, Format Version 12.00
# Visual Studio Version 16
VisualStudioVersion = 16.0.30621.155
MinimumVisualStudioVersion = 10.0.40219.1
Project("{8BC9CEB8-8B4A-11D0-8D11-00A0C91BC942}") = "2.11", "2.11.vcxproj", "{593C4127-140D-491D-B52A-F2E39D3651E9}"
EndProject
Global
	GlobalSection(SolutionConfigurationPlatforms) = preSolution
		Debug|x64 = Debug|x64
		Debug|x86 = Debug|x86
		Release|x64 = Release|x64
		Release|x86 = Release|x86
	EndGlobalSection
	GlobalSection(ProjectConfigurationPlatforms) = postSolution
		{593C4127-140D-491D-B52A-F2E39D3651E9}.Debug|x64.ActiveCfg = Debug|x64
		{593C4127-140D-491D-B52A-F2E39D3651E9}.Debug|x64.Build.0 = Debug|x64
		{593C4127-140D-491D-B52A-F2E39D3651E9}.Debug|x86.ActiveCfg = Debug|Win32
		{593C4127-140D-491D-B52A-F2E39D3651E9}.Debug|x86.Build.0 = Debug|Win32
		{593C4127-140D-491D-B52A-F2E39D3651E9}.Release|x64.ActiveCfg = Release|x64
		{593C4127-140D-491D-B52A-F2E39D3651E9}.Release|x64.Build.0 = Release|x64
		{593C4127-140D-491D-B52A-F2E39D3651E9}.Release|x86.ActiveCfg = Release|Win32
		{593C4127-140D-491D-B52A-F2E39D3651E9}.Release|x86.Build.0 = Release|Win32
	EndGlobalSection
	GlobalSection(SolutionProperties) = preSolution
		HideSolutionNode = FALSE
	EndGlobalSection
	GlobalSection(ExtensibilityGlobals) = postSolution
		SolutionGuid = {1F06B6B7-32CB-4A4E-94AA-825869926102}
	EndGlobalSection
EndGlobal
